Microsoft Visual Studio Solution File, Format Version 11.00
# Visual Studio 2008

Project("{58C5767A-447B-597F-82F2-76CC12B8D481}") = "ChessGame", "Assembly-CSharp.csproj", "{543010D5-7FF0-79F0-4C3E-C603B903A804}"
EndProject
Global
	GlobalSection(SolutionConfigurationPlatforms) = preSolution
		Debug|Any CPU = Debug|Any CPU
		Release|Any CPU = Release|Any CPU
	EndGlobalSection
	GlobalSection(ProjectConfigurationPlatforms) = postSolution
		{543010D5-7FF0-79F0-4C3E-C603B903A804}.Debug|Any CPU.ActiveCfg = Debug|Any CPU
		{543010D5-7FF0-79F0-4C3E-C603B903A804}.Debug|Any CPU.Build.0 = Debug|Any CPU
		{543010D5-7FF0-79F0-4C3E-C603B903A804}.Release|Any CPU.ActiveCfg = Release|Any CPU
		{543010D5-7FF0-79F0-4C3E-C603B903A804}.Release|Any CPU.Build.0 = Release|Any CPU
	EndGlobalSection
	GlobalSection(SolutionProperties) = preSolution
		HideSolutionNode = FALSE
	EndGlobalSection
	GlobalSection(MonoDevelopProperties) = preSolution
		StartupItem = Assembly-CSharp.csproj
	EndGlobalSection
EndGlobal
